# This file was autogenerated by uv via the following command:
#    uv pip compile --python ../kimi_k3_eval/data_runtime/.venv-hpo/bin/python --generate-hashes ../kimi_k3_eval/data_runtime/requirements-hpo.in --output-file ../kimi_k3_eval/data_runtime/requirements-hpo.lock
certifi==2026.7.22 \
    --hash=sha256:62f22742b58a1a33014a2b6b706588a8d7e2a88ae7bd1a6ebe8c992928483775 \
    --hash=sha256:741e2c3b351ddf169a738da9f2c048608ff7f2c5cc02f1ebc6b118bb090d5d55
    # via requests
charset-normalizer==3.5.1 \
    --hash=sha256:00668ebb0609751758682eb0b5857e7c35b9f00e84dfdef062e103244ec94d45 \
    --hash=sha256:012a22b88a77ca2e59b98ac5889b0deb604147666032f45e6d6e217634d2550d \
    --hash=sha256:01e93745f7f219b703b60ba7afead36cfc4242782be5af484673fc500df12da5 \
    --hash=sha256:04368edf83514385ffc3e1cfd4546e595f4f1272dd23ba437a93a9cc3741d47b \
    --hash=sha256:0722590aabf9dc6a6c0343d523c05458fa2b5047dbe6302fd526bb570600753f \
    --hash=sha256:07ffd07412fc5d5e84cd8952acf9ff7e4ed7a708e69d1bada19d8ba91711353f \
    --hash=sha256:09a7bba9f739468c8e78c36a75c33768e53cb1959fc638f510454c14683f00d5 \
    --hash=sha256:0b2b1b3fa5670c127b246df1d0c059defd41f689a868a3b9d79df9b1cac42d22 \
    --hash=sha256:0c6dfb5ca6723eeed15aa8e564a014d69fcb8812f94eef11fe3631e0508199f5 \
    --hash=sha256:0d929fc574b4d6fd9e7c0f5c2ede8716a41911923aa7fa5fce38e0818aa4a1ac \
    --hash=sha256:13e3afe97712e8887cd516e960c63f0b93122971e5b5e4b2622fe7701771e838 \
    --hash=sha256:15f024313246a4ed976c60f440bb8d257815513a681d212ff74fd46f7d715a90 \
    --hash=sha256:195ce897c6153c0700078142cf8efe3e6454ca4cf4357499e4078dfd83396626 \
    --hash=sha256:19a3dd5aa73cef1c99687c4fc57db016a9c17104ae1185da88ba566a5d3bebe4 \
    --hash=sha256:1d1c7a53a6c2103925cdd6d7229f8c567379f211c869793df679f2e9f738c369 \
    --hash=sha256:1f5883d77fd409a261abb5dc8ccbe335720d798b1de4abb3b1d47ccbbc76b53b \
    --hash=sha256:21b82d8082f6f5e7f456ef0bd16323d08de1266efbfeb476e64b2a91d1471a4e \
    --hash=sha256:252d099029bcbea642f2a06c4ed5046bdf8b5a8150b64afa5e027e88b106e5ee \
    --hash=sha256:256dd4d85d9e4dc595e2bc983c980e73f62ddeb3165c58b4c3dfe78c5c8548c1 \
    --hash=sha256:26422d45fd13551cf564c58932f7d72b4f58b93b0fcf18c35ba6be12b46bb102 \
    --hash=sha256:2679de311c7946dde5d3b6f44941844133ff5c7cb86099c0061ab1e8901c20a8 \
    --hash=sha256:29880d17a8eb0b5cfdfd8944b468322928059aa35f1f5fa8ff22b149ec0b42f8 \
    --hash=sha256:2bced4061f000f7187254a02ad3433ae17eaf991747ceea2f478422590a5bba9 \
    --hash=sha256:2e9cf9253119d8e5d111f05d71626786fd3d6193817316eab1ca088cdb8593cf \
    --hash=sha256:2f06b7eae9dbe77fe1d644ca244dad508de8d302870a43f3c559b521270938a0 \
    --hash=sha256:2f293479cce755c75f1697e87c409b7ae4c555c7dfecb6e988ad13abba943031 \
    --hash=sha256:329fc3ccb63ad22d867d84c2adea759a64079a37ba4a343433b02c7a2816871e \
    --hash=sha256:343fb4f2821043bd87095f7b08a1a181febc8e36ac64212143bbfd0a0e1bc235 \
    --hash=sha256:3588e376b3ea2eea84976f67273d679f229e24c66dce7b82ae45aef04ff6e072 \
    --hash=sha256:35aea775dc2bd5f54cd84a1cd2696cc3207c479cb9cf0bd346f0d343e4300ddb \
    --hash=sha256:35fe081843b35aad20ffeccec3eeffbe637b15d14f3fb22cc1b59cd8ec17e93c \
    --hash=sha256:36047af20e17097c3bb9476c2b7655f2f7aa51322c0ba58c07695bedf755a950 \
    --hash=sha256:3617ac3cfd8b9888f145ad89dd6e692285834b0201c6074a5eeaad3fd4d668c2 \
    --hash=sha256:366ec70f5547c640d3ce1985722490f23faf4eb5216a7eeba78277490e78dacb \
    --hash=sha256:394fea06235c8543390050ed5f529187074b029fb027213f6c46ac11ab5d950e \
    --hash=sha256:3d27167433c0d5f18dc850f07d0b3816221984fecdc405d6c157a6f0b8f8e9e6 \
    --hash=sha256:3e5e1224c0a6a90e05843e07adfec669edebec17801c67072f51e59561d63c0b \
    --hash=sha256:41876ee62a3dddf48ff1121ad8f0798032aa03f2fd35f21f34a4cab14f18d8d2 \
    --hash=sha256:433c5a81eade63b47e522303bad236f59dba55ea6951746f5558355eeed8c75d \
    --hash=sha256:4582c27e8c889d64811987b5967fbd3ae0c823fe1fd933b543d55ac20bb475fa \
    --hash=sha256:485a0d363cafefcd2538a73c7c838daa2035f09b2c9f9b5e3133f80c6aeb84c2 \
    --hash=sha256:494b70049a4d69aec6e8137c13af4cf8db8c9f9820a1392ac293b0dd2987a818 \
    --hash=sha256:496846868fea80e479324862fa877f02411f2fd0f83b79ccee2607aa68b2a032 \
    --hash=sha256:4abdc5f9ad448c1ecbfae2974b820535d6bc6e7eef63babbab3d81cf46968c71 \
    --hash=sha256:4b599739b93b2cbeded49645ae3c8d1405c29ddfbceac1545c87a3f9580a9e96 \
    --hash=sha256:4bea7f8ebe90bbd7f0e4a2de42ca6924ba23e3e76418c408ff82f1d46fabd687 \
    --hash=sha256:4c4fb141a727957c93edfe5c32a26ceb6b5f6461d67146e2d39f51e16170bea8 \
    --hash=sha256:4c9548dc78002099910abaebc0a72ac58b7d30931869e0351c09b507dff4ece3 \
    --hash=sha256:4d26f14f041e83dd8edfd61f4cd4fa7285d31798b5bf1f28e70c367ba6c41d61 \
    --hash=sha256:4f298bdadb8f0b9e5672877f647d1be9373ef5320c9e2f049795e26cad28b6a9 \
    --hash=sha256:52ec005752a56ae79547a05c0139ca2501a0c866390b6115008456b9f0e7cde1 \
    --hash=sha256:55261ac0d2941c42f196dd576f543d87a8ee03cd6f5e30dfb4d807b2e3b9121a \
    --hash=sha256:56490c595a28b1bb27dfc583e816152a9767721ef58b2c03b13f954d2f707420 \
    --hash=sha256:58d3e12c88e0950bca850ae1f7c256055c097639c2edb9eb123af9807d8b15e4 \
    --hash=sha256:58d4aa13a59c969dbfdf9e6a9560e242cbfd9e8a8f50c2747714df1a423adf65 \
    --hash=sha256:59171c6e45bf07d0d5cab3b0bf81d945035530f6873398b3b531c31184d46663 \
    --hash=sha256:5b6d1386bf0096d26d3a863dc0a487a5b4eb9aa93cf5ba69683d29dde6b9d60f \
    --hash=sha256:5c0ea61a470e070686aa30892fed79e297d2c8d0ab46b8bcdf027d38c51da591 \
    --hash=sha256:5c84bec0ab5ae0c64bfe73a7d2adcb5ce73b467523fc27fd6a28ab2aa6cbe35a \
    --hash=sha256:5ca0555312ae2fe82715cada7fac375530c2f3349e1eaa1bcb33d0283ac79a18 \
    --hash=sha256:5d8531a6569d025f68e2321e7638fb7978f23db58e5f69f56913837aae03816e \
    --hash=sha256:5e2d0e146dcb57034f8b97dc58d2d512cb90aba253960ce449f695fec6a82c6f \
    --hash=sha256:5fc45d653ea8c9a20479167e11d4a0f8cb2fa3470737ab6f9c827532313187b7 \
    --hash=sha256:6117b84ea48435e5356dc737f5121485c30920ba43375fa7b434fd753df0eac3 \
    --hash=sha256:6199d5606e2bbf2b096cf64d03f8b6790c91081d5ac866b8e7bb6422738cc60c \
    --hash=sha256:62b55f6722735a6c472f88361cde6640608773d9443cebdbb51abf436a1fcdd3 \
    --hash=sha256:687c9ca3035544b113bea2055e180af96fb63c0c476e22a9180f51925186e7b7 \
    --hash=sha256:6b7430cf5728e68f6c462254009a6ef4086e1bea43cf2f57aa9c55fb4f50ff96 \
    --hash=sha256:6ba32c4d2abf1d2fe7cf27d280f4cca5664233b0f885549c7761719eb977f486 \
    --hash=sha256:6c9cdde8becb25a7fde49924511aa2644d6f8081cc8df8e9452724303348d8e3 \
    --hash=sha256:6df0ec430f9a831772c23ca5a224cba36517a58a84bb32c32bb59a9fa67c47f6 \
    --hash=sha256:6e2912d4babbc65196ac13c2f53468dc57fb8b9c25ef913e8c59ddf7c6dc0e1b \
    --hash=sha256:6e5e4d73d588ca5ed09df1b7dcd1b203d1df3c542e3f50d126c947d432b10731 \
    --hash=sha256:70055ff39b97c99e7ae40ea3e393fb62aa2e44dbd9b29f8d14f42fb0025c3959 \
    --hash=sha256:706bfd38730a5ac7a365793269a00f4e988178cec121391f4248d84ad8c972e9 \
    --hash=sha256:7235dc28fc6dd9d832ac7c7bce95367dedb85929f17368a0c2bee1e080b9acbf \
    --hash=sha256:774d157f112367ff4abd29019f38f023c24e00e56edc7829c20e358a5a913ad8 \
    --hash=sha256:77efcff2b23071c349402ac1066667a3d011f62398d81408c9b88ad991747c9e \
    --hash=sha256:789b8982559ae28dad2356519f841655756cdcd96616410590ae0b17454ee64f \
    --hash=sha256:7ac76cf9afd34929d76eb7fcb63be476a4853d8a96f0dcf2d0db68a0cbdf9885 \
    --hash=sha256:7c0c10730342b0c9b35dd1d619beb8214e520bd96a1f870f452680b238aab3e0 \
    --hash=sha256:823f82903d189af463d7df250ef1f7f696f3cee08cc8d91deb565e8d425f6506 \
    --hash=sha256:838648accb3a7fd9803fd45c87bce8509648eb0c11bc34e216141300977244f2 \
    --hash=sha256:854066be00447fa8de2ccbbe893e2ffc4b123ef16d897af794c1e18bd4a714b0 \
    --hash=sha256:85d5855daafc240cc045c026d7a15fd198a09b0fc8ff6f5ecbb5297b509cb11e \
    --hash=sha256:85de3134b5379856e323ba37c19c9256d39425f7b76a63af52b09fb4664c2e8f \
    --hash=sha256:87e4f41d375c0b9be2fb5251aee4b8a689169e134535aed81bf085c3b647451e \
    --hash=sha256:88ca277405c2d3b71c4e1c2ee0e7966e807bcba86a69d11e19ba199d18ae4491 \
    --hash=sha256:88e85ab89cb822c1e635f51d6d32e488f94e002e70e2f492bdb8b945543f345a \
    --hash=sha256:8ac8c94b6539074e0f40899301273ac8402b9b3e01c7b7ba269ff30340aaaf20 \
    --hash=sha256:8fe532b3c966d1fb794e0698e4589d0444017ae77fc0b31edea13c0e35bcc449 \
    --hash=sha256:9085f87b0e38a2b92b8923059b4e8789fe40d9279712d15dcc670048d77079af \
    --hash=sha256:90b7481fb62fbe172c558bc6fd1c4c98d82004a54a7551f20e11ac9bf0b8708c \
    --hash=sha256:92caef967d287a407085d61176fce4012b1dd62daed4eb6d5ceb26d3d2538712 \
    --hash=sha256:9362dd90aa7dab48c0054a21187791ccf05473f7dba5d92b8033ae62164675e7 \
    --hash=sha256:94d78ecec2605a8d0398b0f365d5f12a63248438516f5dac536a5eff7337df4a \
    --hash=sha256:94fbf1c0c6cc0d3d5e50f9a9313a8cdca90dd696d34b381cd1704f8c9e939f20 \
    --hash=sha256:950f23cb393f85543777b0433f082cddd25b51ab398eac7971146495679efe5f \
    --hash=sha256:96eefc178f8636b9c760c5829345307fd81cfae9ab1e80997dbddeb0f54ee9a3 \
    --hash=sha256:96fef3e886d6a9874b14f27fc193fbdc69d5d8035783d86aa4e1cea594e695f9 \
    --hash=sha256:977cdbd483a9cff38179bea4fd754289a6f2195c7abd414aba85410b3e66cc5e \
    --hash=sha256:978eab16f55b4ab2c2a745be9a0a840bf8f09a7f227d9c76eb30214d078865a5 \
    --hash=sha256:994e883d17c559cdfd38c84003c8b27d25424a1077272a17e7cd27bfe0bf57b2 \
    --hash=sha256:9ac4444d8d4fd4c4bd08bf451ed3167aa9e7ec6cdb41b648794f1d1103652e36 \
    --hash=sha256:9b5db6052055d34d41230fb78d7c439c23dc536a9896f6cb039e8dd92cfc1263 \
    --hash=sha256:9d9a0dc7cbe9bec24c3f767c9122c41fe5a1bc43f47cd099d00d393e09769de4 \
    --hash=sha256:9dbdd9205662134957cf0c324f639bdc5031c0ca056e2369e238db75187c0f11 \
    --hash=sha256:9eea3ab2597a5e65fe65296e2d6a84570845a6b55532d90333d740d48bbc850a \
    --hash=sha256:a2028475ba855475b8b4d3cfeb4994269c967aea8b9892dfba907f4263a863a3 \
    --hash=sha256:a3a370082ce34d0612f421e15fe011c53bb1feff21a26d06ad4fb244dab5a375 \
    --hash=sha256:a545775cfe815855ea32d7c27731d79da358ef2055b4a25830231b1622dd18aa \
    --hash=sha256:a5cbd90ecf0fc62e64726917ad083b73001f0563657a87ec3c0b504e277dc90d \
    --hash=sha256:a6d095662e73e74f0a49988e0593373e243e3a52e27bfeea0a859e88acf4a0f5 \
    --hash=sha256:a6dac12ff6b846103483683f60c5f8fee205121adc58ffd87e90a90a3af69e99 \
    --hash=sha256:a951ad59cad9145664a730d3036b40b844e74d2d3683da40111463cd3a83845d \
    --hash=sha256:aa1099b956fb795e686d073568f6dc002a0bb89765ea6d5b055dd7d9bf1b116c \
    --hash=sha256:aa2bb0b37202dca27175591f761108b5d34096ade1191ffe4808bdf6b1571488 \
    --hash=sha256:aae2ee51122d3ae968a3837d97dc24a0aeebb0dea23694422cd172bd30017cd6 \
    --hash=sha256:ab743e9bc90c1f73552ec33e10e3331315acd2c397b36065b591b0181de533cc \
    --hash=sha256:ac00177c4831ffa650f8609e4bdddd5fe09c03b1c0c47acece7e6ea20421598b \
    --hash=sha256:ac13b004224fb341e1e25a1ed5e19d32f57cdb2a403e01f003b46f051a550f6f \
    --hash=sha256:acaf604462bf330b0d07e7a07c1d6e4adac79e5fb13e9c5140590542cafacc00 \
    --hash=sha256:ae31a1a1db2ee6cc2942fccaf695c934bc7f3db9f2133a3fef1f367cf1a4ab10 \
    --hash=sha256:ae4a097991662cd4fff0ddc74e0fe7874f82e00042fa0ea00855645ed0c79598 \
    --hash=sha256:aea996a6aba25260827c9ea511d1addfde2da9eb686ac961838509086188b7e6 \
    --hash=sha256:b39b69b347e5e47a3b5b8cfc005c68c1ba347474e3960236c4944a8ecd174962 \
    --hash=sha256:b54e7e13267d49ffbfe68e25b3cbd774dab38fa37238f71265e91b36146eb21c \
    --hash=sha256:b9af956078716df40d985fb0dfeb2c2120c5ca92ba4ff4b388acfd01cdc14d08 \
    --hash=sha256:ba2f37ee79e6338845261a3c5b1784e5d1acdff2c0785b284f1b633033d136ab \
    --hash=sha256:ba501e667c17d8411f98e67a022d9604ef179aff0e459b7e292c796837c13573 \
    --hash=sha256:baf3775a2635e5a11fbd5e4e64ee69c7e86875d224a5c72aca4c141064589a90 \
    --hash=sha256:bb57753e36e4855b8ca375069482250a6246372331a3e4f3407eaebb007443f5 \
    --hash=sha256:bd6c173f04743d483881bffa1478d5a4624475b8cd1d2194956a75548e191c18 \
    --hash=sha256:be47f99644b208bff7766314013f9acf57b056b04191d570d68ad14022cf5b1d \
    --hash=sha256:c010f5581d9c612804cc59fcf7b524b707fbcb72828551237ab545bb5c7034af \
    --hash=sha256:c1dcc36dcb96abc02236e182d17e0f71430152a6c2c7447421da2d2dc144edea \
    --hash=sha256:c428c6c31eb5f4277d7f8eccaf767fbd548ddd5ce3c8b4f4cbbfab3d96b5904c \
    --hash=sha256:c658c50ac0c98cd755a2dd50b7977d3bca7df401dcc47fbdfa87db53ef7d4e8b \
    --hash=sha256:c71fb0d56c920c269cd3e2e3fe7c610e3f1fdb21a6ce60efa6430ff63676cea6 \
    --hash=sha256:c7b742bf31c88566b4bb6335a7f393bb322e580b6bb98df7bd0c25e6e3519ce8 \
    --hash=sha256:cc0329df4caaceb950d2f580b5ac716a377f7059624a0bafaeaf8a218c6ed774 \
    --hash=sha256:cc5d36d96478aa9c60654bd932525bf32964c62a7281eafdf16d85003a8d6004 \
    --hash=sha256:ce854f5f478050ade5a238731c4ca985a7d3b3cb53ff600a9b5c3b689b5f0a7a \
    --hash=sha256:ced3fdd71aaa83ce593746c2edb42b7a59cb4c19c8b5c407781c72e493aae55a \
    --hash=sha256:cee5dd7c6fb5dd52a0fe2a740f9bc6e3593f5f8b1788bde49de02086f30182b2 \
    --hash=sha256:cfa1c0cc3a8f9f53f1243a5a99ac36fd003880199383b37672e86ddda9cb07e2 \
    --hash=sha256:d1ee1e296209fdce05b81b663250eefa02213a2da7b41bf26f7829b8ba3545aa \
    --hash=sha256:d59b75732e9b6f27388e10c14b0259cc5f2e48c78627d185e6a177b58ad3cffe \
    --hash=sha256:d63600d620ad0064c3a748b950ac5ea38a80190e5498532efefa4b7b3f1da1f3 \
    --hash=sha256:dd732602a7009217f658d5863d12d79d373a4de0eebc111094bcdd3bb8e0a6cc \
    --hash=sha256:e06efa066f7dbadbc84ebc126a97c452a6451dfcf589d89d788484949e1cf795 \
    --hash=sha256:e199fb99720074809a7720f1c0b4d919eea8b87e88713e0f8f602f7bef543d9d \
    --hash=sha256:e4b018dc5a0eee4676e38fe84a47a427816c590b93b55d9025274ec4d6ffc2dc \
    --hash=sha256:e6621fb2a4988d6e53eedc455e5903e2679f3967b8acb3d639f1b63c14a2e893 \
    --hash=sha256:e71c909f353863b2b89c83de2ebed71ea6d0df8a6ef65a128193c5e650766bef \
    --hash=sha256:e90251c0c7bdd54a100a0dce3c07b7e637278c93af29dbf78ebb89a58c4bac7d \
    --hash=sha256:e9fbdce1e47394b09bc9f26ab117dfc8d6491977a11d86f592bb42c779db2fda \
    --hash=sha256:eb12fb2ba69ffa05f8695f61c69e591dc4b4a12ac3757ac8af8adb259bf56d17 \
    --hash=sha256:eda059b6bc8bc0812d626fd91a7ce01bf583df0a61296eff390fd94141a34e30 \
    --hash=sha256:f03ac127268b43ef4fe9e6ab6794a6794b49485a0cc0c1db79876d2f33f75bc7 \
    --hash=sha256:f298e218441525d3794428b4c8b8fb8662c6d3ea79925d4807ee6b9a96a3bca5 \
    --hash=sha256:f5542f9b941279d82d41eb0aa9f98eba36fe4df5c7086c651df7944935b37182 \
    --hash=sha256:f6f7deae3feb4edfa2efaf7c574fe88cbf055038a6abdb40188e4fff66d5699f \
    --hash=sha256:f9b1e28d0e8dbfa858abdba91d6b547beaf2df1a59bec6da6faae7b96a4991a9 \
    --hash=sha256:f9f8405c2c758532c74fed975dbee57be1f31a6e865c031870c79a6ed3212ada \
    --hash=sha256:fa48b1b63d639f9483e0633e092f5851e2348c352f1f9bb6c8182f87884ef876 \
    --hash=sha256:fb78f6e7fcd8ad785d28cd577168bc1aaee827b25bb8755638f694794ea98f0a \
    --hash=sha256:fbc597639158fd7c14d55e808718848319540f51b0e6746e3eefa59723a4a348 \
    --hash=sha256:fce8cbd4997efeb450bd298b54f755dcdff18d496f7a5ddbb4867c6d7c88fdc3 \
    --hash=sha256:fd0350afdc3aabd5576f60ea109228bd5538139713c7b094c5cd27c73a98bc6f \
    --hash=sha256:fd0a274c0e5f9a21565cd9d3dd749b61f96b7aa1e20a93aa1ba4029518f2e5c0 \
    --hash=sha256:fdb8a068947befafba9952162645dc2fecaeb400e64584829ed5e9b2fbe21a7f
    # via requests
configspace==0.4.21 \
    --hash=sha256:03aeb0f73de0143c377bfd8ba29c005b433405c85ce2c243f7eee13224eaff53 \
    --hash=sha256:06513e9c306331f841b897fc3890898b5ad5975b96a64e4e74d1292bd22b5aae \
    --hash=sha256:09c5ee343f2850865609cc91f2ab27da0a6182f7f196354f9550f6da578ea827 \
    --hash=sha256:0b7974c11ab30f4ad06787b7d72f6fc53316d92bd4fdb34be2b0a2508aef037e \
    --hash=sha256:15babc4a2887843494a76c55f9c8250d4d1b435b5dc8402c9fcb38001e4a9077 \
    --hash=sha256:1b893790c09716a38c90480fb9658e82fa18703f1ce2dc3a48380fde79025cf0 \
    --hash=sha256:228ac97e120907b689abc800f7e003bd05871b65e453c6637e5038bd5417b5a7 \
    --hash=sha256:2de59fe57977543624e4047482ca2e31ec7fa35e0dcae0585d0d0194ef420c99 \
    --hash=sha256:3c8fe55e2a1a3f20c385a83e70267902e1708525e1f2b06ce7028e825d26ea4c \
    --hash=sha256:3e1f3508e770c2e55d5af9cf70b811e07daadeaf5fa2d94bc98ecbbdbac2f874 \
    --hash=sha256:54241f2c2009399ec5aad73f2bfaccd3e225cd40fd784dd7379fb397b0cee733 \
    --hash=sha256:5db4418a516237c650e55e5244efffd491ce96b8af3a777bc6c938f42f6d7c72 \
    --hash=sha256:62ee9a6b0db243d0c96e154a1126ec74c9b5697281ac812065b701e76294fdff \
    --hash=sha256:7422f0b4e4a728d36fb8c3608f459f40460f9017d12a57986873d79863baef52 \
    --hash=sha256:83237345cafa06ae0388801353458c21502d752c0c6aa5b472e90dbb2e7e70be \
    --hash=sha256:8a08922ac4eddd5647898d81ed13721b297b2b56e135813ff2ed4eb017924eec \
    --hash=sha256:9d0830d4d558d5c7840a3b05f7031754dfdaba73bff328f020f002592f5a64b6 \
    --hash=sha256:a7048b14e1d371a81ed054d56178a9b4402f0534e1b7bf644b6a74efd1ac5243 \
    --hash=sha256:a7952a4d9fd8a1db5a635fa1ca2c457426a322a492097c181588ed83fe3404f4 \
    --hash=sha256:ae758a1bd77d1cd2f4289cec343fdd0bb977c65559688d0d77c797dbb9be8d1b \
    --hash=sha256:b1a03ddd088708a3af80ad6ae3a469c0ed831dd5645b7f82b68c930f0591f035 \
    --hash=sha256:b53b752389fbc111977ee3fa5fd5a9c253314f52417e93153aba5bebb4ea4519 \
    --hash=sha256:bbd6046a065301c123ba6b683c3dbcb6ae76485f09ff31c6427cdb3fc44919c2 \
    --hash=sha256:c1c5aa556404c6fffe46cd92dbb75aae9000e32aa469953ad8f3e3feda6129e2 \
    --hash=sha256:ec225205ed1211c94520a0a58aa01c5c0db4d781ed83471855daaa99d9c5ef6e \
    --hash=sha256:f60fed99f0fe62332b8bb5afd52d2d770a8abcdffa565c407a161375fc485172
    # via -r ../kimi_k3_eval/data_runtime/requirements-hpo.in
cython==3.0.12 \
    --hash=sha256:0038c9bae46c459669390e53a1ec115f8096b2e4647ae007ff1bf4e6dee92806 \
    --hash=sha256:0faa5e39e5c8cdf6f9c3b1c3f24972826e45911e7f5b99cf99453fca5432f45e \
    --hash=sha256:120681093772bf3600caddb296a65b352a0d3556e962b9b147efcfb8e8c9801b \
    --hash=sha256:1e5eadef80143026944ea8f9904715a008f5108d1d644a89f63094cc37351e73 \
    --hash=sha256:25529ee948f44d9a165ff960c49d4903267c20b5edf2df79b45924802e4cca6e \
    --hash=sha256:2d53de996ed340e9ab0fc85a88aaa8932f2591a2746e1ab1c06e262bd4ec4be7 \
    --hash=sha256:3083465749911ac3b2ce001b6bf17f404ac9dd35d8b08469d19dc7e717f5877a \
    --hash=sha256:309c081057930bb79dc9ea3061a1af5086c679c968206e9c9c2ec90ab7cb471a \
    --hash=sha256:3109e1d44425a2639e9a677b66cd7711721a5b606b65867cb2d8ef7a97e2237b \
    --hash=sha256:34ce459808f7d8d5d4007bc5486fe50532529096b43957af6cbffcb4d9cc5c8d \
    --hash=sha256:36fcd584dae547de6f095500a380f4a0cce72b7a7e409e9ff03cb9beed6ac7a1 \
    --hash=sha256:398d4576c1e1f6316282aa0b4a55139254fbed965cba7813e6d9900d3092b128 \
    --hash=sha256:3ccd1228cc203b1f1b8a3d403f5a20ad1c40e5879b3fbf5851ce09d948982f2c \
    --hash=sha256:3e4fa855d98bc7bd6a2049e0c7dc0dcf595e2e7f571a26e808f3efd84d2db374 \
    --hash=sha256:43c48b5789398b228ea97499f5b864843ba9b1ab837562a9227c6f58d16ede8b \
    --hash=sha256:4aa255781b093a8401109d8f2104bbb2e52de7639d5896aefafddc85c30e0894 \
    --hash=sha256:4ee6f1ea1bead8e6cbc4e64571505b5d8dbdb3b58e679d31f3a84160cebf1a1a \
    --hash=sha256:54115fcc126840926ff3b53cfd2152eae17b3522ae7f74888f8a41413bd32f25 \
    --hash=sha256:563de1728c8e48869d2380a1b76bbc1b1b1d01aba948480d68c1d05e52d20c92 \
    --hash=sha256:57aefa6d3341109e46ec1a13e3a763aaa2cbeb14e82af2485b318194be1d9170 \
    --hash=sha256:5a93cbda00a5451175b97dea5a9440a3fcee9e54b4cba7a7dbcba9a764b22aec \
    --hash=sha256:5e5f17c48a4f41557fbcc7ee660ccfebe4536a34c557f553b6893c1b3c83df2d \
    --hash=sha256:629db614b9c364596d7c975fa3fb3978e8c5349524353dbe11429896a783fc1e \
    --hash=sha256:62b79dcc0de49efe9e84b9d0e2ae0a6fc9b14691a65565da727aa2e2e63c6a28 \
    --hash=sha256:63d840f2975e44d74512f8f34f1f7cb8121c9428e26a3f6116ff273deb5e60a2 \
    --hash=sha256:680f1d6ed4436ae94805db264d6155ed076d2835d84f20dcb31a7a3ad7f8668c \
    --hash=sha256:712c3f31adec140dc60d064a7f84741f50e2c25a8edd7ae746d5eb4d3ef7072a \
    --hash=sha256:731d719423e041242c9303c80cae4327467299b90ffe62d4cc407e11e9ea3160 \
    --hash=sha256:75c5acd40b97cff16fadcf6901a91586cbca5dcdba81f738efaf1f4c6bc8dccb \
    --hash=sha256:77d48f2d4bab9fe1236eb753d18f03e8b2619af5b6f05d51df0532a92dfb38ab \
    --hash=sha256:7cffc3464f641c8d0dda942c7c53015291beea11ec4d32421bed2f13b386b819 \
    --hash=sha256:86c304b20bd57c727c7357e90d5ba1a2b6f1c45492de2373814d7745ef2e63b4 \
    --hash=sha256:879ae9023958d63c0675015369384642d0afb9c9d1f3473df9186c42f7a9d265 \
    --hash=sha256:8ab9f5198af74eb16502cc143cdde9ca1cbbf66ea2912e67440dd18a36e3b5fa \
    --hash=sha256:8c9efe9a0895abee3cadfdad4130b30f7b5e57f6e6a51ef2a44f9fc66a913880 \
    --hash=sha256:8d32856716c369d01f2385ad9177cdd1a11079ac89ea0932dc4882de1aa19174 \
    --hash=sha256:8ee841c0e114efa1e849c281ac9b8df8aa189af10b4a103b1c5fd71cbb799679 \
    --hash=sha256:90cf599372c5a22120609f7d3a963f17814799335d56dd0dcf8fe615980a8ae1 \
    --hash=sha256:9f8c48748a9c94ea5d59c26ab49ad0fad514d36f894985879cf3c3ca0e600bf4 \
    --hash=sha256:a4032e48d4734d2df68235d21920c715c451ac9de15fa14c71b378e8986b83be \
    --hash=sha256:a7fec4f052b8fe173fe70eae75091389955b9a23d5cec3d576d21c5913b49d47 \
    --hash=sha256:af081838b0f9e12a83ec4c3809a00a64c817f489f7c512b0e3ecaf5f90a2a816 \
    --hash=sha256:b588c0a089a9f4dd316d2f9275230bad4a7271e5af04e1dc41d2707c816be44b \
    --hash=sha256:b988bb297ce76c671e28c97d017b95411010f7c77fa6623dd0bb47eed1aee1bc \
    --hash=sha256:ba67eee9413b66dd9fbacd33f0bc2e028a2a120991d77b5fd4b19d0b1e4039b9 \
    --hash=sha256:bee2717e5b5f7d966d0c6e27d2efe3698c357aa4d61bb3201997c7a4f9fe485a \
    --hash=sha256:bfb75123dd4ff767baa37d7036da0de2dfb6781ff256eef69b11b88b9a0691d1 \
    --hash=sha256:c0b91c7ebace030dd558ea28730de8c580680b50768e5af66db2904a3716c3e3 \
    --hash=sha256:c151082884be468f2f405645858a857298ac7f7592729e5b54788b5c572717ba \
    --hash=sha256:c1879c073e2b34924ce9b7ca64c212705dcc416af4337c45f371242b2e5f6d32 \
    --hash=sha256:c3238a29f37999e27494d120983eca90d14896b2887a0bd858a381204549137a \
    --hash=sha256:d3a8f81980ffbd74e52f9186d8f1654e347d0c44bfea6b5997028977f481a179 \
    --hash=sha256:d4b70fc339adba1e2111b074ee6119fe9fd6072c957d8597bce9a0dd1c3c6784 \
    --hash=sha256:d6945694c5b9170cfbd5f2c0d00ef7487a2de7aba83713a64ee4ebce7fad9e05 \
    --hash=sha256:d6c6cd6a75c8393e6805d17f7126b96a894f310a1a9ea91c47d141fb9341bfa8 \
    --hash=sha256:dcdc3e5d4ce0e7a4af6903ed580833015641e968d18d528d8371e2435a34132c \
    --hash=sha256:dfdbea486e702c328338314adb8e80f5f9741f06a0ae83aaec7463bc166d12e8 \
    --hash=sha256:e62564457851db1c40399bd95a5346b9bb99e17a819bf583b362f418d8f3457a \
    --hash=sha256:ea3a0e19ab77266c738aa110684a753a04da4e709472cadeff487133354d6ab8 \
    --hash=sha256:ebc24609613fa06d0d896309f7164ba168f7e8d71c1e490ed2a08d23351c3f41 \
    --hash=sha256:f39640f8df0400cde6882e23c734f15bb8196de0a008ae5dc6c8d1ec5957d7c8 \
    --hash=sha256:fe030d4a00afb2844f5f70896b7f2a1a0d7da09bf3aa3d884cbe5f73fff5d310 \
    --hash=sha256:feb86122a823937cc06e4c029d80ff69f082ebb0b959ab52a5af6cdd271c5dc3 \
    --hash=sha256:ff5c0b6a65b08117d0534941d404833d516dac422eee88c6b4fd55feb409a5ed
    # via configspace
debtcollector==2.5.0 \
    --hash=sha256:1393a527d2c72f143ffa6a629e9c33face6642634eece475b48cab7b04ba61f3 \
    --hash=sha256:dc9d1ad3f745c43f4bbedbca30f9ffe8905a8c028c9926e61077847d5ea257ab
    # via
    #   oslo-config
    #   oslo-utils
fasteners==0.20 \
    --hash=sha256:55dce8792a41b56f727ba6e123fcaee77fd87e638a6863cec00007bfea84c8d8 \
    --hash=sha256:9422c40d1e350e4259f509fb2e608d6bc43c0136f79a00db1b49046029d0b3b7
    # via oslo-concurrency
idna==3.10 \
    --hash=sha256:12f65c9b470abda6dc35cf8e63cc574b1c52b11df2c86030af0ac09b01b13ea9 \
    --hash=sha256:946d195a0d259cbba61165e88e65941f16e9b36ea6ddb97f00452bae8b1287d3
    # via requests
importlib-metadata==6.7.0 \
    --hash=sha256:1aaf550d4f73e5d6783e7acb77aec43d49da8017410afae93822cc9cca98c4d4 \
    --hash=sha256:cb52082e659e97afc5dac71e79de97d8681de3aa07ff18578330904a9d18e5b5
    # via
    #   -r ../kimi_k3_eval/data_runtime/requirements-hpo.in
    #   debtcollector
    #   oslo-config
    #   stevedore
    #   tqdm
iso8601==2.1.0 \
    --hash=sha256:6b1d3829ee8921c4301998c909f7829fa9ed3cbdac0d3b16af2d743aed1ba8df \
    --hash=sha256:aac4145c4dcb66ad8b648a02830f5e2ff6c24af20f4f482689be402db2429242
    # via oslo-utils
joblib==1.3.2 \
    --hash=sha256:92f865e621e17784e7955080b6d042489e3b8e294949cc44c6eac304f59772b1 \
    --hash=sha256:ef4331c65f239985f3f2220ecc87db222f08fd22097a3dd5698f693875f8cbb9
    # via scikit-learn
netaddr==1.3.0 \
    --hash=sha256:5c3c3d9895b551b763779ba7db7a03487dc1f8e3b385af819af341ae9ef6e48a \
    --hash=sha256:c2c6a8ebe5554ce33b7d5b3a306b71bbb373e000bbbf2350dd5213cc56e3dbbe
    # via
    #   oslo-config
    #   oslo-utils
netifaces==0.11.0 \
    --hash=sha256:043a79146eb2907edf439899f262b3dfe41717d34124298ed281139a8b93ca32 \
    --hash=sha256:08e3f102a59f9eaef70948340aeb6c89bd09734e0dca0f3b82720305729f63ea \
    --hash=sha256:0f6133ac02521270d9f7c490f0c8c60638ff4aec8338efeff10a1b51506abe85 \
    --hash=sha256:18917fbbdcb2d4f897153c5ddbb56b31fa6dd7c3fa9608b7e3c3a663df8206b5 \
    --hash=sha256:2479bb4bb50968089a7c045f24d120f37026d7e802ec134c4490eae994c729b5 \
    --hash=sha256:2650beee182fed66617e18474b943e72e52f10a24dc8cac1db36c41ee9c041b7 \
    --hash=sha256:28f4bf3a1361ab3ed93c5ef360c8b7d4a4ae060176a3529e72e5e4ffc4afd8b0 \
    --hash=sha256:3ecb3f37c31d5d51d2a4d935cfa81c9bc956687c6f5237021b36d6fdc2815b2c \
    --hash=sha256:469fc61034f3daf095e02f9f1bbac07927b826c76b745207287bc594884cfd05 \
    --hash=sha256:48324183af7f1bc44f5f197f3dad54a809ad1ef0c78baee2c88f16a5de02c4c9 \
    --hash=sha256:50721858c935a76b83dd0dd1ab472cad0a3ef540a1408057624604002fcfb45b \
    --hash=sha256:54ff6624eb95b8a07e79aa8817288659af174e954cca24cdb0daeeddfc03c4ff \
    --hash=sha256:5be83986100ed1fdfa78f11ccff9e4757297735ac17391b95e17e74335c2047d \
    --hash=sha256:5f9ca13babe4d845e400921973f6165a4c2f9f3379c7abfc7478160e25d196a4 \
    --hash=sha256:73ff21559675150d31deea8f1f8d7e9a9a7e4688732a94d71327082f517fc6b4 \
    --hash=sha256:7dbb71ea26d304e78ccccf6faccef71bb27ea35e259fb883cfd7fd7b4f17ecb1 \
    --hash=sha256:815eafdf8b8f2e61370afc6add6194bd5a7252ae44c667e96c4c1ecf418811e4 \
    --hash=sha256:841aa21110a20dc1621e3dd9f922c64ca64dd1eb213c47267a2c324d823f6c8f \
    --hash=sha256:84e4d2e6973eccc52778735befc01638498781ce0e39aa2044ccfd2385c03246 \
    --hash=sha256:8f7da24eab0d4184715d96208b38d373fd15c37b0dafb74756c638bd619ba150 \
    --hash=sha256:96c0fe9696398253f93482c84814f0e7290eee0bfec11563bd07d80d701280c3 \
    --hash=sha256:aab1dbfdc55086c789f0eb37affccf47b895b98d490738b81f3b2360100426be \
    --hash=sha256:c03fb2d4ef4e393f2e6ffc6376410a22a3544f164b336b3a355226653e5efd89 \
    --hash=sha256:c37a1ca83825bc6f54dddf5277e9c65dec2f1b4d0ba44b8fd42bc30c91aa6ea1 \
    --hash=sha256:c92ff9ac7c2282009fe0dcb67ee3cd17978cffbe0c8f4b471c00fe4325c9b4d4 \
    --hash=sha256:c9a3a47cd3aaeb71e93e681d9816c56406ed755b9442e981b07e3618fb71d2ac \
    --hash=sha256:cb925e1ca024d6f9b4f9b01d83215fd00fe69d095d0255ff3f64bffda74025c8 \
    --hash=sha256:d07b01c51b0b6ceb0f09fc48ec58debd99d2c8430b09e56651addeaf5de48048 \
    --hash=sha256:e76c7f351e0444721e85f975ae92718e21c1f361bda946d60a214061de1f00a1 \
    --hash=sha256:eb4813b77d5df99903af4757ce980a98c4d702bbcb81f32a0b305a1537bdf0b1
    # via oslo-utils
numpy==1.18.5 \
    --hash=sha256:0172304e7d8d40e9e49553901903dc5f5a49a703363ed756796f5808a06fc233 \
    --hash=sha256:34e96e9dae65c4839bd80012023aadd6ee2ccb73ce7fdf3074c62f301e63120b \
    --hash=sha256:3676abe3d621fc467c4c1469ee11e395c82b2d6b5463a9454e37fe9da07cd0d7 \
    --hash=sha256:3dd6823d3e04b5f223e3e265b4a1eae15f104f4366edd409e5a5e413a98f911f \
    --hash=sha256:4064f53d4cce69e9ac613256dc2162e56f20a4e2d2086b1956dd2fcf77b7fac5 \
    --hash=sha256:4674f7d27a6c1c52a4d1aa5f0881f1eff840d2206989bae6acb1c7668c02ebfb \
    --hash=sha256:7d42ab8cedd175b5ebcb39b5208b25ba104842489ed59fbb29356f671ac93583 \
    --hash=sha256:965df25449305092b23d5145b9bdaeb0149b6e41a77a7d728b1644b3c99277c1 \
    --hash=sha256:9c9d6531bc1886454f44aa8f809268bc481295cf9740827254f53c30104f074a \
    --hash=sha256:a78e438db8ec26d5d9d0e584b27ef25c7afa5a182d1bf4d05e313d2d6d515271 \
    --hash=sha256:a7acefddf994af1aeba05bbbafe4ba983a187079f125146dc5859e6d817df824 \
    --hash=sha256:a87f59508c2b7ceb8631c20630118cc546f1f815e034193dc72390db038a5cb3 \
    --hash=sha256:ac792b385d81151bae2a5a8adb2b88261ceb4976dbfaaad9ce3a200e036753dc \
    --hash=sha256:b03b2c0badeb606d1232e5f78852c102c0a7989d3a534b3129e7856a52f3d161 \
    --hash=sha256:b39321f1a74d1f9183bf1638a745b4fd6fe80efbb1f6b32b932a588b4bc7695f \
    --hash=sha256:cae14a01a159b1ed91a324722d746523ec757357260c6804d11d6147a9e53e3f \
    --hash=sha256:cd49930af1d1e49a812d987c2620ee63965b619257bd76eaaa95870ca08837cf \
    --hash=sha256:e15b382603c58f24265c9c931c9a45eebf44fe2e6b4eaedbb0d025ab3255228b \
    --hash=sha256:e91d31b34fc7c2c8f756b4e902f901f856ae53a93399368d9a0dc7be17ed2ca0 \
    --hash=sha256:ef627986941b5edd1ed74ba89ca43196ed197f1a206a3f18cc9faf2fb84fd675 \
    --hash=sha256:f718a7949d1c4f622ff548c572e0c03440b49b9531ff00e4ed5738b459f011e8
    # via
    #   -r ../kimi_k3_eval/data_runtime/requirements-hpo.in
    #   configspace
    #   scikit-learn
    #   scipy
oslo-concurrency==4.5.1 \
    --hash=sha256:2464f8b5b30ee93670169990207d683fa9ee09aa671c404b17427d960515c37d \
    --hash=sha256:6869b946b93d95babf20cd16be06fc35a5ec14d07ea2c1f315f4ac6ea5f0da17
    # via -r ../kimi_k3_eval/data_runtime/requirements-hpo.in
oslo-config==8.8.1 \
    --hash=sha256:643130555aa66c316d6972a2530087ca8b7f8c42ed25826815536dfa5e1e12eb \
    --hash=sha256:a8d50bd011332df221252a9685cfab1d15ecb225c9ebf37c7ba26e5bc5df00a4
    # via oslo-concurrency
oslo-i18n==5.1.0 \
    --hash=sha256:6bf111a6357d5449640852de4640eae4159b5562bbba4c90febb0034abc095d0 \
    --hash=sha256:75086cfd898819638ca741159f677e2073a78ca86a9c9be8d38b46800cdf2dc9
    # via
    #   oslo-concurrency
    #   oslo-config
    #   oslo-utils
oslo-utils==4.13.0 \
    --hash=sha256:45ba8aaa5ed056a8e8e46059ef93d5c2d7b9c99bc7480e361cf5783e47f28fba \
    --hash=sha256:dab26f205980a379fe7068dd4f9010809a2ae7dddcbecde53e18cf8fa4a251d9
    # via oslo-concurrency
packaging==24.0 \
    --hash=sha256:2ddfb553fdf02fb784c234c7ba6ccc288296ceabec964ad2eae3777778130bc5 \
    --hash=sha256:eb82c5e3e56209074766e6885bb04b8c38a0c015d0a30036ebe7ece34c9989e9
    # via oslo-utils
pbr==7.0.3 \
    --hash=sha256:b46004ec30a5324672683ec848aed9e8fc500b0d261d40a3229c2d2bbfcedc29 \
    --hash=sha256:ff223894eb1cd271a98076b13d3badff3bb36c424074d26334cd25aebeecea6b
    # via
    #   oslo-concurrency
    #   oslo-i18n
    #   oslo-utils
    #   stevedore
pyparsing==3.1.4 \
    --hash=sha256:a6a7ee4235a3f944aa1fa2249307708f893fe5717dc603503c6c7969c070fb7c \
    --hash=sha256:f86ec8d1a83f11977c9a6ea7598e8c27fc5cddfa5b07ea2241edbbde1d7bc032
    # via
    #   configspace
    #   oslo-utils
pyro4==4.80 \
    --hash=sha256:46847ca703de3f483fbd0b2d22622f36eff03e6ef7ec7704d4ecaa3964cb2220 \
    --hash=sha256:f195a4a9403f58807e66ca269c771e1d268064945f65cfbbf59a1feb12a1695f
    # via -r ../kimi_k3_eval/data_runtime/requirements-hpo.in
pytz==2026.3.post1 \
    --hash=sha256:2211d3fcf9a797d3405cac96ac7f61d80e6a644f72a3309607282fe8a2010c5d \
    --hash=sha256:dd95840dd199baea12d9cc096a1d452caa6596a1c1e4b5f3dbd1541855d5e815
    # via oslo-utils
pyyaml==6.0.1 \
    --hash=sha256:04ac92ad1925b2cff1db0cfebffb6ffc43457495c9b3c39d3fcae417d7125dc5 \
    --hash=sha256:062582fca9fabdd2c8b54a3ef1c978d786e0f6b3a1510e0ac93ef59e0ddae2bc \
    --hash=sha256:0d3304d8c0adc42be59c5f8a4d9e3d7379e6955ad754aa9d6ab7a398b59dd1df \
    --hash=sha256:1635fd110e8d85d55237ab316b5b011de701ea0f29d07611174a1b42f1444741 \
    --hash=sha256:184c5108a2aca3c5b3d3bf9395d50893a7ab82a38004c8f61c258d4428e80206 \
    --hash=sha256:18aeb1bf9a78867dc38b259769503436b7c72f7a1f1f4c93ff9a17de54319b27 \
    --hash=sha256:1d4c7e777c441b20e32f52bd377e0c409713e8bb1386e1099c2415f26e479595 \
    --hash=sha256:1e2722cc9fbb45d9b87631ac70924c11d3a401b2d7f410cc0e3bbf249f2dca62 \
    --hash=sha256:1fe35611261b29bd1de0070f0b2f47cb6ff71fa6595c077e42bd0c419fa27b98 \
    --hash=sha256:28c119d996beec18c05208a8bd78cbe4007878c6dd15091efb73a30e90539696 \
    --hash=sha256:326c013efe8048858a6d312ddd31d56e468118ad4cdeda36c719bf5bb6192290 \
    --hash=sha256:40df9b996c2b73138957fe23a16a4f0ba614f4c0efce1e9406a184b6d07fa3a9 \
    --hash=sha256:42f8152b8dbc4fe7d96729ec2b99c7097d656dc1213a3229ca5383f973a5ed6d \
    --hash=sha256:49a183be227561de579b4a36efbb21b3eab9651dd81b1858589f796549873dd6 \
    --hash=sha256:4fb147e7a67ef577a588a0e2c17b6db51dda102c71de36f8549b6816a96e1867 \
    --hash=sha256:50550eb667afee136e9a77d6dc71ae76a44df8b3e51e41b77f6de2932bfe0f47 \
    --hash=sha256:510c9deebc5c0225e8c96813043e62b680ba2f9c50a08d3724c7f28a747d1486 \
    --hash=sha256:5773183b6446b2c99bb77e77595dd486303b4faab2b086e7b17bc6bef28865f6 \
    --hash=sha256:596106435fa6ad000c2991a98fa58eeb8656ef2325d7e158344fb33864ed87e3 \
    --hash=sha256:6965a7bc3cf88e5a1c3bd2e0b5c22f8d677dc88a455344035f03399034eb3007 \
    --hash=sha256:69b023b2b4daa7548bcfbd4aa3da05b3a74b772db9e23b982788168117739938 \
    --hash=sha256:6c22bec3fbe2524cde73d7ada88f6566758a8f7227bfbf93a408a9d86bcc12a0 \
    --hash=sha256:704219a11b772aea0d8ecd7058d0082713c3562b4e271b849ad7dc4a5c90c13c \
    --hash=sha256:7e07cbde391ba96ab58e532ff4803f79c4129397514e1413a7dc761ccd755735 \
    --hash=sha256:81e0b275a9ecc9c0c0c07b4b90ba548307583c125f54d5b6946cfee6360c733d \
    --hash=sha256:855fb52b0dc35af121542a76b9a84f8d1cd886ea97c84703eaa6d88e37a2ad28 \
    --hash=sha256:8d4e9c88387b0f5c7d5f281e55304de64cf7f9c0021a3525bd3b1c542da3b0e4 \
    --hash=sha256:9046c58c4395dff28dd494285c82ba00b546adfc7ef001486fbf0324bc174fba \
    --hash=sha256:9eb6caa9a297fc2c2fb8862bc5370d0303ddba53ba97e71f08023b6cd73d16a8 \
    --hash=sha256:a08c6f0fe150303c1c6b71ebcd7213c2858041a7e01975da3a99aed1e7a378ef \
    --hash=sha256:a0cd17c15d3bb3fa06978b4e8958dcdc6e0174ccea823003a106c7d4d7899ac5 \
    --hash=sha256:afd7e57eddb1a54f0f1a974bc4391af8bcce0b444685d936840f125cf046d5bd \
    --hash=sha256:b1275ad35a5d18c62a7220633c913e1b42d44b46ee12554e5fd39c70a243d6a3 \
    --hash=sha256:b786eecbdf8499b9ca1d697215862083bd6d2a99965554781d0d8d1ad31e13a0 \
    --hash=sha256:ba336e390cd8e4d1739f42dfe9bb83a3cc2e80f567d8805e11b46f4a943f5515 \
    --hash=sha256:baa90d3f661d43131ca170712d903e6295d1f7a0f595074f151c0aed377c9b9c \
    --hash=sha256:bc1bf2925a1ecd43da378f4db9e4f799775d6367bdb94671027b73b393a7c42c \
    --hash=sha256:bd4af7373a854424dabd882decdc5579653d7868b8fb26dc7d0e99f823aa5924 \
    --hash=sha256:bf07ee2fef7014951eeb99f56f39c9bb4af143d8aa3c21b1677805985307da34 \
    --hash=sha256:bfdf460b1736c775f2ba9f6a92bca30bc2095067b8a9d77876d1fad6cc3b4a43 \
    --hash=sha256:c8098ddcc2a85b61647b2590f825f3db38891662cfc2fc776415143f599bb859 \
    --hash=sha256:d2b04aac4d386b172d5b9692e2d2da8de7bfb6c387fa4f801fbf6fb2e6ba4673 \
    --hash=sha256:d483d2cdf104e7c9fa60c544d92981f12ad66a457afae824d146093b8c294c54 \
    --hash=sha256:d858aa552c999bc8a8d57426ed01e40bef403cd8ccdd0fc5f6f04a00414cac2a \
    --hash=sha256:e7d73685e87afe9f3b36c799222440d6cf362062f78be1013661b00c5c6f678b \
    --hash=sha256:f003ed9ad21d6a4713f0a9b5a7a0a79e08dd0f221aff4525a2be4c346ee60aab \
    --hash=sha256:f22ac1c3cac4dbc50079e965eba2c1058622631e526bd9afd45fedd49ba781fa \
    --hash=sha256:faca3bdcf85b2fc05d06ff3fbc1f83e1391b3e724afa3feba7d13eeab355484c \
    --hash=sha256:fca0e3a251908a499833aa292323f32437106001d436eca0e6e7833256674585 \
    --hash=sha256:fd1592b3fdf65fff2ad0004b5e363300ef59ced41c2e6b3a99d4089fa8c5435d \
    --hash=sha256:fd66fc5d0da6d9815ba2cebeb4205f95818ff4b79c3ebe268e75d961704af52f
    # via
    #   -r ../kimi_k3_eval/data_runtime/requirements-hpo.in
    #   oslo-config
requests==2.31.0 \
    --hash=sha256:58cd2187c01e70e6e26505bca751777aa9f2ee0b7f4300988b709f44e013003f \
    --hash=sha256:942c5a758f98d790eaed1a29cb6eefc7ffb0d1cf7af05c3d2791656dbd6ad1e1
    # via
    #   -r ../kimi_k3_eval/data_runtime/requirements-hpo.in
    #   oslo-config
rfc3986==2.0.0 \
    --hash=sha256:50b1502b60e289cb37883f3dfd34532b8873c7de9f49bb546641ce9cbd256ebd \
    --hash=sha256:97aacf9dbd4bfd829baad6e6309fa6573aaf1be3f6fa735c8ab05e46cecb261c
    # via oslo-config
scikit-learn==0.23.2 \
    --hash=sha256:0a127cc70990d4c15b1019680bfedc7fec6c23d14d3719fdf9b64b22d37cdeca \
    --hash=sha256:0d39748e7c9669ba648acf40fb3ce96b8a07b240db6888563a7cb76e05e0d9cc \
    --hash=sha256:1b8a391de95f6285a2f9adffb7db0892718950954b7149a70c783dc848f104ea \
    --hash=sha256:20766f515e6cd6f954554387dfae705d93c7b544ec0e6c6a5d8e006f6f7ef480 \
    --hash=sha256:2aa95c2f17d2f80534156215c87bee72b6aa314a7f8b8fe92a2d71f47280570d \
    --hash=sha256:5ce7a8021c9defc2b75620571b350acc4a7d9763c25b7593621ef50f3bd019a2 \
    --hash=sha256:6c28a1d00aae7c3c9568f61aafeaad813f0f01c729bee4fd9479e2132b215c1d \
    --hash=sha256:7671bbeddd7f4f9a6968f3b5442dac5f22bf1ba06709ef888cc9132ad354a9ab \
    --hash=sha256:914ac2b45a058d3f1338d7736200f7f3b094857758895f8667be8a81ff443b5b \
    --hash=sha256:98508723f44c61896a4e15894b2016762a55555fbf09365a0bb1870ecbd442de \
    --hash=sha256:a64817b050efd50f9abcfd311870073e500ae11b299683a519fbb52d85e08d25 \
    --hash=sha256:cb3e76380312e1f86abd20340ab1d5b3cc46a26f6593d3c33c9ea3e4c7134028 \
    --hash=sha256:d0dcaa54263307075cb93d0bee3ceb02821093b1b3d25f66021987d305d01dce \
    --hash=sha256:d9a1ce5f099f29c7c33181cc4386660e0ba891b21a60dc036bf369e3a3ee3aec \
    --hash=sha256:da8e7c302003dd765d92a5616678e591f347460ac7b53e53d667be7dfe6d1b10 \
    --hash=sha256:daf276c465c38ef736a79bd79fc80a249f746bcbcae50c40945428f7ece074f8
    # via -r ../kimi_k3_eval/data_runtime/requirements-hpo.in
scipy==1.4.1 \
    --hash=sha256:00af72998a46c25bdb5824d2b729e7dabec0c765f9deb0b504f928591f5ff9d4 \
    --hash=sha256:0902a620a381f101e184a958459b36d3ee50f5effd186db76e131cbefcbb96f7 \
    --hash=sha256:1e3190466d669d658233e8a583b854f6386dd62d655539b77b3fa25bfb2abb70 \
    --hash=sha256:2cce3f9847a1a51019e8c5b47620da93950e58ebc611f13e0d11f4980ca5fecb \
    --hash=sha256:3092857f36b690a321a662fe5496cb816a7f4eecd875e1d36793d92d3f884073 \
    --hash=sha256:386086e2972ed2db17cebf88610aab7d7f6e2c0ca30042dc9a89cf18dcc363fa \
    --hash=sha256:71eb180f22c49066f25d6df16f8709f215723317cc951d99e54dc88020ea57be \
    --hash=sha256:770254a280d741dd3436919d47e35712fb081a6ff8bafc0f319382b954b77802 \
    --hash=sha256:787cc50cab3020a865640aba3485e9fbd161d4d3b0d03a967df1a2881320512d \
    --hash=sha256:8a07760d5c7f3a92e440ad3aedcc98891e915ce857664282ae3c0220f3301eb6 \
    --hash=sha256:8d3bc3993b8e4be7eade6dcc6fd59a412d96d3a33fa42b0fa45dc9e24495ede9 \
    --hash=sha256:9508a7c628a165c2c835f2497837bf6ac80eb25291055f56c129df3c943cbaf8 \
    --hash=sha256:a144811318853a23d32a07bc7fd5561ff0cac5da643d96ed94a4ffe967d89672 \
    --hash=sha256:a1aae70d52d0b074d8121333bc807a485f9f1e6a69742010b33780df2e60cfe0 \
    --hash=sha256:a2d6df9eb074af7f08866598e4ef068a2b310d98f87dc23bd1b90ec7bdcec802 \
    --hash=sha256:bb517872058a1f087c4528e7429b4a44533a902644987e7b2fe35ecc223bc408 \
    --hash=sha256:c5cac0c0387272ee0e789e94a570ac51deb01c796b37fb2aad1fb13f85e2f97d \
    --hash=sha256:cc971a82ea1170e677443108703a2ec9ff0f70752258d0e9f5433d00dda01f59 \
    --hash=sha256:dba8306f6da99e37ea08c08fef6e274b5bf8567bb094d1dbe86a20e532aca088 \
    --hash=sha256:dc60bb302f48acf6da8ca4444cfa17d52c63c5415302a9ee77b3b21618090521 \
    --hash=sha256:dee1bbf3a6c8f73b6b218cb28eed8dd13347ea2f87d572ce19b289d6fd3fbc59
    # via
    #   -r ../kimi_k3_eval/data_runtime/requirements-hpo.in
    #   configspace
    #   scikit-learn
serpent==1.43 \
    --hash=sha256:62dc242fd4ea2a50339f4f5aaaf6ecc55605ee74770d7eb2031e760d90a0d114 \
    --hash=sha256:7907f40151da126d57bbd675364d23898efa6b6601d79379cbae800236586b54
    # via pyro4
setuptools==67.8.0 \
    --hash=sha256:5df61bf30bb10c6f756eb19e7c9f3b473051f48db77fddbe06ff2ca307df9a6f \
    --hash=sha256:62642358adc77ffa87233bc4d2354c4b2682d214048f500964dbe760ccedf102
    # via
    #   -r ../kimi_k3_eval/data_runtime/requirements-hpo.in
    #   pbr
stevedore==3.5.2 \
    --hash=sha256:cf99f41fc0d5a4f185ca4d3d42b03be9011b0a1ec1a4ea1a282be1b4b306dcc2 \
    --hash=sha256:fa2630e3d0ad3e22d4914aff2501445815b9a4467a6edc49387c667a38faf5bf
    # via oslo-config
threadpoolctl==3.1.0 \
    --hash=sha256:8b99adda265feb6773280df41eece7b2e6561b772d21ffd52e372f999024907b \
    --hash=sha256:a335baacfaa4400ae1f0d8e3a58d6674d2f8828e3716bb2802c44955ad391380
    # via scikit-learn
tqdm==4.68.2 \
    --hash=sha256:89c230e8dbc67c7615c142487111222f878c77427ea09549960f62389e258add \
    --hash=sha256:d4240441fb5353290b87d6a85968c9decc131a99b8c7faa28269d829de669ede
    # via -r ../kimi_k3_eval/data_runtime/requirements-hpo.in
typing-extensions==4.7.1 \
    --hash=sha256:440d5dd3af93b060174bf433bccd69b0babc3b15b1a8dca43789fd7f61514b36 \
    --hash=sha256:b75ddc264f0ba5615db7ba217daeb99701ad295353c45f9e95963337ceeeffb2
    # via importlib-metadata
urllib3==2.0.7 \
    --hash=sha256:c97dfde1f7bd43a71c8d2a58e369e9b2bf692d1334ea9f9cae55add7d0dd0f84 \
    --hash=sha256:fdb6d215c776278489906c2f8916e6e7d4f5a9b602ccbcfdf7f016fc8da0596e
    # via requests
wheel==0.41.3 \
    --hash=sha256:488609bc63a29322326e05560731bf7bfea8e48ad646e1f5e40d366607de0942 \
    --hash=sha256:4d4987ce51a49370ea65c0bfd2234e8ce80a12780820d9dc462597a6e60d0841
    # via -r ../kimi_k3_eval/data_runtime/requirements-hpo.in
wrapt==1.16.0 \
    --hash=sha256:0d2691979e93d06a95a26257adb7bfd0c93818e89b1406f5a28f36e0d8c1e1fc \
    --hash=sha256:14d7dc606219cdd7405133c713f2c218d4252f2a469003f8c46bb92d5d095d81 \
    --hash=sha256:1a5db485fe2de4403f13fafdc231b0dbae5eca4359232d2efc79025527375b09 \
    --hash=sha256:1acd723ee2a8826f3d53910255643e33673e1d11db84ce5880675954183ec47e \
    --hash=sha256:1ca9b6085e4f866bd584fb135a041bfc32cab916e69f714a7d1d397f8c4891ca \
    --hash=sha256:1dd50a2696ff89f57bd8847647a1c363b687d3d796dc30d4dd4a9d1689a706f0 \
    --hash=sha256:2076fad65c6736184e77d7d4729b63a6d1ae0b70da4868adeec40989858eb3fb \
    --hash=sha256:2a88e6010048489cda82b1326889ec075a8c856c2e6a256072b28eaee3ccf487 \
    --hash=sha256:3ebf019be5c09d400cf7b024aa52b1f3aeebeff51550d007e92c3c1c4afc2a40 \
    --hash=sha256:418abb18146475c310d7a6dc71143d6f7adec5b004ac9ce08dc7a34e2babdc5c \
    --hash=sha256:43aa59eadec7890d9958748db829df269f0368521ba6dc68cc172d5d03ed8060 \
    --hash=sha256:44a2754372e32ab315734c6c73b24351d06e77ffff6ae27d2ecf14cf3d229202 \
    --hash=sha256:490b0ee15c1a55be9c1bd8609b8cecd60e325f0575fc98f50058eae366e01f41 \
    --hash=sha256:49aac49dc4782cb04f58986e81ea0b4768e4ff197b57324dcbd7699c5dfb40b9 \
    --hash=sha256:5eb404d89131ec9b4f748fa5cfb5346802e5ee8836f57d516576e61f304f3b7b \
    --hash=sha256:5f15814a33e42b04e3de432e573aa557f9f0f56458745c2074952f564c50e664 \
    --hash=sha256:5f370f952971e7d17c7d1ead40e49f32345a7f7a5373571ef44d800d06b1899d \
    --hash=sha256:66027d667efe95cc4fa945af59f92c5a02c6f5bb6012bff9e60542c74c75c362 \
    --hash=sha256:66dfbaa7cfa3eb707bbfcd46dab2bc6207b005cbc9caa2199bcbc81d95071a00 \
    --hash=sha256:685f568fa5e627e93f3b52fda002c7ed2fa1800b50ce51f6ed1d572d8ab3e7fc \
    --hash=sha256:6906c4100a8fcbf2fa735f6059214bb13b97f75b1a61777fcf6432121ef12ef1 \
    --hash=sha256:6a42cd0cfa8ffc1915aef79cb4284f6383d8a3e9dcca70c445dcfdd639d51267 \
    --hash=sha256:6dcfcffe73710be01d90cae08c3e548d90932d37b39ef83969ae135d36ef3956 \
    --hash=sha256:6f6eac2360f2d543cc875a0e5efd413b6cbd483cb3ad7ebf888884a6e0d2e966 \
    --hash=sha256:72554a23c78a8e7aa02abbd699d129eead8b147a23c56e08d08dfc29cfdddca1 \
    --hash=sha256:73870c364c11f03ed072dda68ff7aea6d2a3a5c3fe250d917a429c7432e15228 \
    --hash=sha256:73aa7d98215d39b8455f103de64391cb79dfcad601701a3aa0dddacf74911d72 \
    --hash=sha256:75ea7d0ee2a15733684badb16de6794894ed9c55aa5e9903260922f0482e687d \
    --hash=sha256:7bd2d7ff69a2cac767fbf7a2b206add2e9a210e57947dd7ce03e25d03d2de292 \
    --hash=sha256:807cc8543a477ab7422f1120a217054f958a66ef7314f76dd9e77d3f02cdccd0 \
    --hash=sha256:8e9723528b9f787dc59168369e42ae1c3b0d3fadb2f1a71de14531d321ee05b0 \
    --hash=sha256:9090c9e676d5236a6948330e83cb89969f433b1943a558968f659ead07cb3b36 \
    --hash=sha256:9153ed35fc5e4fa3b2fe97bddaa7cbec0ed22412b85bcdaf54aeba92ea37428c \
    --hash=sha256:9159485323798c8dc530a224bd3ffcf76659319ccc7bbd52e01e73bd0241a0c5 \
    --hash=sha256:941988b89b4fd6b41c3f0bfb20e92bd23746579736b7343283297c4c8cbae68f \
    --hash=sha256:94265b00870aa407bd0cbcfd536f17ecde43b94fb8d228560a1e9d3041462d73 \
    --hash=sha256:98b5e1f498a8ca1858a1cdbffb023bfd954da4e3fa2c0cb5853d40014557248b \
    --hash=sha256:9b201ae332c3637a42f02d1045e1d0cccfdc41f1f2f801dafbaa7e9b4797bfc2 \
    --hash=sha256:a0ea261ce52b5952bf669684a251a66df239ec6d441ccb59ec7afa882265d593 \
    --hash=sha256:a33a747400b94b6d6b8a165e4480264a64a78c8a4c734b62136062e9a248dd39 \
    --hash=sha256:a452f9ca3e3267cd4d0fcf2edd0d035b1934ac2bd7e0e57ac91ad6b95c0c6389 \
    --hash=sha256:a86373cf37cd7764f2201b76496aba58a52e76dedfaa698ef9e9688bfd9e41cf \
    --hash=sha256:ac83a914ebaf589b69f7d0a1277602ff494e21f4c2f743313414378f8f50a4cf \
    --hash=sha256:aefbc4cb0a54f91af643660a0a150ce2c090d3652cf4052a5397fb2de549cd89 \
    --hash=sha256:b3646eefa23daeba62643a58aac816945cadc0afaf21800a1421eeba5f6cfb9c \
    --hash=sha256:b47cfad9e9bbbed2339081f4e346c93ecd7ab504299403320bf85f7f85c7d46c \
    --hash=sha256:b935ae30c6e7400022b50f8d359c03ed233d45b725cfdd299462f41ee5ffba6f \
    --hash=sha256:bb2dee3874a500de01c93d5c71415fcaef1d858370d405824783e7a8ef5db440 \
    --hash=sha256:bc57efac2da352a51cc4658878a68d2b1b67dbe9d33c36cb826ca449d80a8465 \
    --hash=sha256:bf5703fdeb350e36885f2875d853ce13172ae281c56e509f4e6eca049bdfb136 \
    --hash=sha256:c31f72b1b6624c9d863fc095da460802f43a7c6868c5dda140f51da24fd47d7b \
    --hash=sha256:c5cd603b575ebceca7da5a3a251e69561bec509e0b46e4993e1cac402b7247b8 \
    --hash=sha256:d2efee35b4b0a347e0d99d28e884dfd82797852d62fcd7ebdeee26f3ceb72cf3 \
    --hash=sha256:d462f28826f4657968ae51d2181a074dfe03c200d6131690b7d65d55b0f360f8 \
    --hash=sha256:d5e49454f19ef621089e204f862388d29e6e8d8b162efce05208913dde5b9ad6 \
    --hash=sha256:da4813f751142436b075ed7aa012a8778aa43a99f7b36afe9b742d3ed8bdc95e \
    --hash=sha256:db2e408d983b0e61e238cf579c09ef7020560441906ca990fe8412153e3b291f \
    --hash=sha256:db98ad84a55eb09b3c32a96c576476777e87c520a34e2519d3e59c44710c002c \
    --hash=sha256:dbed418ba5c3dce92619656802cc5355cb679e58d0d89b50f116e4a9d5a9603e \
    --hash=sha256:dcdba5c86e368442528f7060039eda390cc4091bfd1dca41e8046af7c910dda8 \
    --hash=sha256:decbfa2f618fa8ed81c95ee18a387ff973143c656ef800c9f24fb7e9c16054e2 \
    --hash=sha256:e4fdb9275308292e880dcbeb12546df7f3e0f96c6b41197e0cf37d2826359020 \
    --hash=sha256:eb1b046be06b0fce7249f1d025cd359b4b80fc1c3e24ad9eca33e0dcdb2e4a35 \
    --hash=sha256:eb6e651000a19c96f452c85132811d25e9264d836951022d6e81df2fff38337d \
    --hash=sha256:ed867c42c268f876097248e05b6117a65bcd1e63b779e916fe2e33cd6fd0d3c3 \
    --hash=sha256:edfad1d29c73f9b863ebe7082ae9321374ccb10879eeabc84ba3b69f2579d537 \
    --hash=sha256:f2058f813d4f2b5e3a9eb2eb3faf8f1d99b81c3e51aeda4b168406443e8ba809 \
    --hash=sha256:f6b2d0c6703c988d334f297aa5df18c45e97b0af3679bb75059e0e0bd8b1069d \
    --hash=sha256:f8212564d49c50eb4565e502814f694e240c55551a5f1bc841d4fcaabb0a9b8a \
    --hash=sha256:ffa565331890b90056c01db69c0fe634a776f8019c143a5ae265f9c6bc4bd6d4
    # via debtcollector
zipp==3.15.0 \
    --hash=sha256:112929ad649da941c23de50f356a2b5570c954b65150642bccdd66bf194d224b \
    --hash=sha256:48904fc76a60e542af151aded95726c1a5c34ed43ab4134b597665c86d7ad556
    # via importlib-metadata
